
Microsoft Visual Studio Solution File, Format Version 12.00
# Visual Studio 15
VisualStudioVersion = 15.0.26403.7
MinimumVisualStudioVersion = 10.0.40219.1
Project("{FAE04EC0-301F-11D3-BF4B-00C04F79EFBC}") = "RollinAlong", "Rollin' Along\RollinAlong.csproj", "{4F2ED6AC-1F0D-4E0B-B680-FF2649833161}"
EndProject
Project("{FAE04EC0-301F-11D3-BF4B-00C04F79EFBC}") = "RollingAlongMobile", "RollingAlongMobile\RollingAlongMobile.csproj", "{19A9D384-B8B4-4147-B9A7-6D9CC98912F7}"
EndProject
Global
	GlobalSection(SolutionConfigurationPlatforms) = preSolution
		Debug|Any CPU = Debug|Any CPU
		Release|Any CPU = Release|Any CPU
	EndGlobalSection
	GlobalSection(ProjectConfigurationPlatforms) = postSolution
		{4F2ED6AC-1F0D-4E0B-B680-FF2649833161}.Debug|Any CPU.ActiveCfg = Debug|Any CPU
		{4F2ED6AC-1F0D-4E0B-B680-FF2649833161}.Debug|Any CPU.Build.0 = Debug|Any CPU
		{4F2ED6AC-1F0D-4E0B-B680-FF2649833161}.Release|Any CPU.ActiveCfg = Release|Any CPU
		{4F2ED6AC-1F0D-4E0B-B680-FF2649833161}.Release|Any CPU.Build.0 = Release|Any CPU
		{19A9D384-B8B4-4147-B9A7-6D9CC98912F7}.Debug|Any CPU.ActiveCfg = Debug|Any CPU
		{19A9D384-B8B4-4147-B9A7-6D9CC98912F7}.Debug|Any CPU.Build.0 = Debug|Any CPU
		{19A9D384-B8B4-4147-B9A7-6D9CC98912F7}.Debug|Any CPU.Deploy.0 = Debug|Any CPU
		{19A9D384-B8B4-4147-B9A7-6D9CC98912F7}.Release|Any CPU.ActiveCfg = Release|Any CPU
		{19A9D384-B8B4-4147-B9A7-6D9CC98912F7}.Release|Any CPU.Build.0 = Release|Any CPU
		{19A9D384-B8B4-4147-B9A7-6D9CC98912F7}.Release|Any CPU.Deploy.0 = Release|Any CPU
	EndGlobalSection
	GlobalSection(SolutionProperties) = preSolution
		HideSolutionNode = FALSE
	EndGlobalSection
EndGlobal
